
Microsoft Visual Studio Solution File, Format Version 12.00
# Visual Studio 15
VisualStudioVersion = 15.0.26730.16
MinimumVisualStudioVersion = 10.0.40219.1
Project("{FAE04EC0-301F-11D3-BF4B-00C04F79EFBC}") = "Triangle", "Triangle.csproj", "{A18703CB-CF1D-439C-9BA0-53BBF5CB4DEC}"
EndProject
Project("{FAE04EC0-301F-11D3-BF4B-00C04F79EFBC}") = "AutoTestTriangle", "D:\C_Sharp\AutoTestTriangle\AutoTestTriangle\AutoTestTriangle.csproj", "{206808D8-1997-4D00-8F9E-B37974B260FF}"
EndProject
Global
	GlobalSection(SolutionConfigurationPlatforms) = preSolution
		Debug|Any CPU = Debug|Any CPU
		Release|Any CPU = Release|Any CPU
	EndGlobalSection
	GlobalSection(ProjectConfigurationPlatforms) = postSolution
		{A18703CB-CF1D-439C-9BA0-53BBF5CB4DEC}.Debug|Any CPU.ActiveCfg = Debug|Any CPU
		{A18703CB-CF1D-439C-9BA0-53BBF5CB4DEC}.Debug|Any CPU.Build.0 = Debug|Any CPU
		{A18703CB-CF1D-439C-9BA0-53BBF5CB4DEC}.Release|Any CPU.ActiveCfg = Release|Any CPU
		{A18703CB-CF1D-439C-9BA0-53BBF5CB4DEC}.Release|Any CPU.Build.0 = Release|Any CPU
		{206808D8-1997-4D00-8F9E-B37974B260FF}.Debug|Any CPU.ActiveCfg = Debug|Any CPU
		{206808D8-1997-4D00-8F9E-B37974B260FF}.Debug|Any CPU.Build.0 = Debug|Any CPU
		{206808D8-1997-4D00-8F9E-B37974B260FF}.Release|Any CPU.ActiveCfg = Release|Any CPU
		{206808D8-1997-4D00-8F9E-B37974B260FF}.Release|Any CPU.Build.0 = Release|Any CPU
	EndGlobalSection
	GlobalSection(SolutionProperties) = preSolution
		HideSolutionNode = FALSE
	EndGlobalSection
	GlobalSection(ExtensibilityGlobals) = postSolution
		SolutionGuid = {A94B4977-EE95-47FB-AEAB-9764AED44902}
	EndGlobalSection
EndGlobal
